{
  "name": "test-pure-shell",
  "lockfileVersion": 3,
  "requires": true,
  "packages": {
    "": {
      "dependencies": {
        "@tjalve/aiq": "file:../packages/quality-cli/tjalve-aiq-0.1.0.tgz"
      }
    },
    "node_modules/@tjalve/aiq": {
      "version": "0.1.0",
      "resolved": "file:../packages/quality-cli/tjalve-aiq-0.1.0.tgz",
      "integrity": "sha512-WkdxJzwvFG/QYKm1P2nHLqcz/dcdYedzb94ywAwGdn6IPVZPHs6inj0Vkg8RpHyyAepftX+6V5DrhyeeaBs2LQ==",
      "license": "MIT",
      "bin": {
        "aiq": "bin/aiq.js",
        "quality": "bin/aiq.js"
      },
      "engines": {
        "node": ">=18"
      }
    }
  }
}
