{
	"name": "python",
	"lockfileVersion": 3,
	"requires": true,
	"packages": {
		"": {
			"dependencies": {
				"@tjalve/aiq": "file:../../packages/quality-cli/tjalve-aiq-0.1.5.tgz"
			}
		},
		"node_modules/@tjalve/aiq": {
			"version": "0.1.5",
			"resolved": "file:../../packages/quality-cli/tjalve-aiq-0.1.5.tgz",
			"integrity": "sha512-xKghMOMCK9udiSZFGt0eCs4bpzdMhWp9Vi8dLpIoZtHZD9MRYigzn/V7rSYPhFoglMkFeti2SdLuZU3eA5EhSQ==",
			"license": "MIT",
			"bin": {
				"aiq": "bin/aiq.js",
				"quality": "bin/aiq.js"
			},
			"engines": {
				"node": ">=18"
			}
		}
	}
}
